
Microsoft Visual Studio Solution File, Format Version 12.00
# Visual Studio Version 17
VisualStudioVersion = 17.10.34928.147
MinimumVisualStudioVersion = 10.0.40219.1
Project("{FAE04EC0-301F-11D3-BF4B-00C04F79EFBC}") = "todo", "todo\todo.csproj", "{89181012-13DE-4D97-99BE-D18BB4B68941}"
EndProject
Global
	GlobalSection(SolutionConfigurationPlatforms) = preSolution
		Debug|Any CPU = Debug|Any CPU
		Release|Any CPU = Release|Any CPU
	EndGlobalSection
	GlobalSection(ProjectConfigurationPlatforms) = postSolution
		{89181012-13DE-4D97-99BE-D18BB4B68941}.Debug|Any CPU.ActiveCfg = Debug|Any CPU
		{89181012-13DE-4D97-99BE-D18BB4B68941}.Debug|Any CPU.Build.0 = Debug|Any CPU
		{89181012-13DE-4D97-99BE-D18BB4B68941}.Release|Any CPU.ActiveCfg = Release|Any CPU
		{89181012-13DE-4D97-99BE-D18BB4B68941}.Release|Any CPU.Build.0 = Release|Any CPU
	EndGlobalSection
	GlobalSection(SolutionProperties) = preSolution
		HideSolutionNode = FALSE
	EndGlobalSection
	GlobalSection(ExtensibilityGlobals) = postSolution
		SolutionGuid = {110A61E0-459C-463C-8DE0-E1D90FD72801}
	EndGlobalSection
EndGlobal
